
Microsoft Visual Studio Solution File, Format Version 12.00
# Visual Studio 2012
Project("{FAE04EC0-301F-11D3-BF4B-00C04F79EFBC}") = "VT4", "VT4.csproj", "{7612E7BA-3DE5-494D-93AA-440CE37D0415}"
EndProject
Global
	GlobalSection(SolutionConfigurationPlatforms) = preSolution
		Debug|Any CPU = Debug|Any CPU
		Release|Any CPU = Release|Any CPU
	EndGlobalSection
	GlobalSection(ProjectConfigurationPlatforms) = postSolution
		{7612E7BA-3DE5-494D-93AA-440CE37D0415}.Debug|Any CPU.ActiveCfg = Debug|Any CPU
		{7612E7BA-3DE5-494D-93AA-440CE37D0415}.Debug|Any CPU.Build.0 = Debug|Any CPU
		{7612E7BA-3DE5-494D-93AA-440CE37D0415}.Release|Any CPU.ActiveCfg = Release|Any CPU
		{7612E7BA-3DE5-494D-93AA-440CE37D0415}.Release|Any CPU.Build.0 = Release|Any CPU
	EndGlobalSection
	GlobalSection(SolutionProperties) = preSolution
		HideSolutionNode = FALSE
	EndGlobalSection
EndGlobal
